
Microsoft Visual Studio Solution File, Format Version 12.00
# Visual Studio Version 17
VisualStudioVersion = 17.9.34616.47
MinimumVisualStudioVersion = 10.0.40219.1
Project("{FAE04EC0-301F-11D3-BF4B-00C04F79EFBC}") = "CONSTRUCTION", "CONSTRUCTION\CONSTRUCTION.csproj", "{4CFACC8F-87BD-4293-91B7-827A391CBCE1}"
EndProject
Global
	GlobalSection(SolutionConfigurationPlatforms) = preSolution
		Debug|Any CPU = Debug|Any CPU
		Release|Any CPU = Release|Any CPU
	EndGlobalSection
	GlobalSection(ProjectConfigurationPlatforms) = postSolution
		{4CFACC8F-87BD-4293-91B7-827A391CBCE1}.Debug|Any CPU.ActiveCfg = Debug|Any CPU
		{4CFACC8F-87BD-4293-91B7-827A391CBCE1}.Debug|Any CPU.Build.0 = Debug|Any CPU
		{4CFACC8F-87BD-4293-91B7-827A391CBCE1}.Release|Any CPU.ActiveCfg = Release|Any CPU
		{4CFACC8F-87BD-4293-91B7-827A391CBCE1}.Release|Any CPU.Build.0 = Release|Any CPU
	EndGlobalSection
	GlobalSection(SolutionProperties) = preSolution
		HideSolutionNode = FALSE
	EndGlobalSection
	GlobalSection(ExtensibilityGlobals) = postSolution
		SolutionGuid = {F3049E73-8FE9-4144-8322-BCD8974ABA95}
	EndGlobalSection
EndGlobal
